
Microsoft Visual Studio Solution File, Format Version 10.00
# Visual C++ Express 2008
Project("{8BC9CEB8-8B4A-11D0-8D11-00A0C91BC942}") = "roint_dll", "..\roint\msvc2008\roint.vcproj", "{D9193DAC-5699-422E-98B0-51FC86E55D39}"
	ProjectSection(ProjectDependencies) = postProject
		{8FD826F8-3739-44E6-8CC8-997122E53B8D} = {8FD826F8-3739-44E6-8CC8-997122E53B8D}
	EndProjectSection
EndProject
Project("{8BC9CEB8-8B4A-11D0-8D11-00A0C91BC942}") = "roint_static", "..\roint\msvc2008\roint_static.vcproj", "{D6268DAA-2081-47CC-B98D-DADFACB70615}"
	ProjectSection(ProjectDependencies) = postProject
		{745DEC58-EBB3-47A9-A9B8-4C6627C01BF8} = {745DEC58-EBB3-47A9-A9B8-4C6627C01BF8}
	EndProjectSection
EndProject
Project("{8BC9CEB8-8B4A-11D0-8D11-00A0C91BC942}") = "zlibstat", "zlib123\contrib\vstudio\vc8\zlibstat.vcproj", "{745DEC58-EBB3-47A9-A9B8-4C6627C01BF8}"
EndProject
Project("{8BC9CEB8-8B4A-11D0-8D11-00A0C91BC942}") = "zlibvc", "zlib123\contrib\vstudio\vc8\zlibvc.vcproj", "{8FD826F8-3739-44E6-8CC8-997122E53B8D}"
EndProject
Project("{8BC9CEB8-8B4A-11D0-8D11-00A0C91BC942}") = "rogl_dll", "..\rogl\msvc2008\rogl.vcproj", "{BE23FBA1-E38F-4461-9EF6-0C0398E2C142}"
	ProjectSection(ProjectDependencies) = postProject
		{D9193DAC-5699-422E-98B0-51FC86E55D39} = {D9193DAC-5699-422E-98B0-51FC86E55D39}
	EndProjectSection
EndProject
Project("{8BC9CEB8-8B4A-11D0-8D11-00A0C91BC942}") = "rogl_static", "..\rogl\msvc2008\rogl_static.vcproj", "{C0C3C32E-DE77-4A07-A4E9-5C4A08906CDD}"
	ProjectSection(ProjectDependencies) = postProject
		{D6268DAA-2081-47CC-B98D-DADFACB70615} = {D6268DAA-2081-47CC-B98D-DADFACB70615}
	EndProjectSection
EndProject
Project("{8BC9CEB8-8B4A-11D0-8D11-00A0C91BC942}") = "ronet_dll", "..\ronet\msvc2009\ronet_dll.vcproj", "{275A3E0D-3F51-473D-8CCD-747F38454450}"
EndProject
Project("{8BC9CEB8-8B4A-11D0-8D11-00A0C91BC942}") = "roengine", "..\roengine\msvc9\roengine.vcproj", "{5A500A26-AAF3-48B8-B404-68B9A2FF1C82}"
	ProjectSection(ProjectDependencies) = postProject
		{275A3E0D-3F51-473D-8CCD-747F38454450} = {275A3E0D-3F51-473D-8CCD-747F38454450}
		{C0C3C32E-DE77-4A07-A4E9-5C4A08906CDD} = {C0C3C32E-DE77-4A07-A4E9-5C4A08906CDD}
		{BE23FBA1-E38F-4461-9EF6-0C0398E2C142} = {BE23FBA1-E38F-4461-9EF6-0C0398E2C142}
		{D6268DAA-2081-47CC-B98D-DADFACB70615} = {D6268DAA-2081-47CC-B98D-DADFACB70615}
		{D9193DAC-5699-422E-98B0-51FC86E55D39} = {D9193DAC-5699-422E-98B0-51FC86E55D39}
	EndProjectSection
EndProject
Project("{8BC9CEB8-8B4A-11D0-8D11-00A0C91BC942}") = "openro", "..\openro\msvc\openro.vcproj", "{FFE46B54-EFF7-4CFB-B755-8A37334B58B9}"
	ProjectSection(ProjectDependencies) = postProject
		{275A3E0D-3F51-473D-8CCD-747F38454450} = {275A3E0D-3F51-473D-8CCD-747F38454450}
		{5A500A26-AAF3-48B8-B404-68B9A2FF1C82} = {5A500A26-AAF3-48B8-B404-68B9A2FF1C82}
	EndProjectSection
EndProject
Project("{8BC9CEB8-8B4A-11D0-8D11-00A0C91BC942}") = "pktgen", "..\pktgen\msvc\pktgen.vcproj", "{1D54893F-7A73-456F-B2C4-F8321828B903}"
EndProject
Project("{8BC9CEB8-8B4A-11D0-8D11-00A0C91BC942}") = "rsm_view", "..\rsm_view\msvc2008\rsm_view.vcproj", "{3BDDF897-4DFE-4A54-87E3-FB0D5D4EE88C}"
	ProjectSection(ProjectDependencies) = postProject
		{C0C3C32E-DE77-4A07-A4E9-5C4A08906CDD} = {C0C3C32E-DE77-4A07-A4E9-5C4A08906CDD}
		{D6268DAA-2081-47CC-B98D-DADFACB70615} = {D6268DAA-2081-47CC-B98D-DADFACB70615}
	EndProjectSection
EndProject
Project("{8BC9CEB8-8B4A-11D0-8D11-00A0C91BC942}") = "libpng", "libpng\projects\msvc\libpng.vcproj", "{0008960E-E0DD-41A6-8265-00B31DDB4C21}"
	ProjectSection(ProjectDependencies) = postProject
		{745DEC58-EBB3-47A9-A9B8-4C6627C01BF8} = {745DEC58-EBB3-47A9-A9B8-4C6627C01BF8}
	EndProjectSection
EndProject
Project("{8BC9CEB8-8B4A-11D0-8D11-00A0C91BC942}") = "sdl_engine", "..\sdl_engine\msvc\sdl_engine.vcproj", "{285D3072-BFB0-4F3A-9DB4-98126F028CA9}"
EndProject
Global
	GlobalSection(SolutionConfigurationPlatforms) = preSolution
		Debug DLL|Win32 = Debug DLL|Win32
		Debug|Win32 = Debug|Win32
		Release DLL|Win32 = Release DLL|Win32
		Release|Win32 = Release|Win32
		ReleaseWithoutAsm|Win32 = ReleaseWithoutAsm|Win32
	EndGlobalSection
	GlobalSection(ProjectConfigurationPlatforms) = postSolution
		{D9193DAC-5699-422E-98B0-51FC86E55D39}.Debug DLL|Win32.ActiveCfg = Debug|Win32
		{D9193DAC-5699-422E-98B0-51FC86E55D39}.Debug DLL|Win32.Build.0 = Debug|Win32
		{D9193DAC-5699-422E-98B0-51FC86E55D39}.Debug|Win32.ActiveCfg = Debug|Win32
		{D9193DAC-5699-422E-98B0-51FC86E55D39}.Debug|Win32.Build.0 = Debug|Win32
		{D9193DAC-5699-422E-98B0-51FC86E55D39}.Release DLL|Win32.ActiveCfg = Release|Win32
		{D9193DAC-5699-422E-98B0-51FC86E55D39}.Release DLL|Win32.Build.0 = Release|Win32
		{D9193DAC-5699-422E-98B0-51FC86E55D39}.Release|Win32.ActiveCfg = Release|Win32
		{D9193DAC-5699-422E-98B0-51FC86E55D39}.Release|Win32.Build.0 = Release|Win32
		{D9193DAC-5699-422E-98B0-51FC86E55D39}.ReleaseWithoutAsm|Win32.ActiveCfg = Release|Win32
		{D9193DAC-5699-422E-98B0-51FC86E55D39}.ReleaseWithoutAsm|Win32.Build.0 = Release|Win32
		{D6268DAA-2081-47CC-B98D-DADFACB70615}.Debug DLL|Win32.ActiveCfg = Debug|Win32
		{D6268DAA-2081-47CC-B98D-DADFACB70615}.Debug DLL|Win32.Build.0 = Debug|Win32
		{D6268DAA-2081-47CC-B98D-DADFACB70615}.Debug|Win32.ActiveCfg = Debug|Win32
		{D6268DAA-2081-47CC-B98D-DADFACB70615}.Debug|Win32.Build.0 = Debug|Win32
		{D6268DAA-2081-47CC-B98D-DADFACB70615}.Release DLL|Win32.ActiveCfg = Release|Win32
		{D6268DAA-2081-47CC-B98D-DADFACB70615}.Release DLL|Win32.Build.0 = Release|Win32
		{D6268DAA-2081-47CC-B98D-DADFACB70615}.Release|Win32.ActiveCfg = Release|Win32
		{D6268DAA-2081-47CC-B98D-DADFACB70615}.Release|Win32.Build.0 = Release|Win32
		{D6268DAA-2081-47CC-B98D-DADFACB70615}.ReleaseWithoutAsm|Win32.ActiveCfg = Release|Win32
		{D6268DAA-2081-47CC-B98D-DADFACB70615}.ReleaseWithoutAsm|Win32.Build.0 = Release|Win32
		{745DEC58-EBB3-47A9-A9B8-4C6627C01BF8}.Debug DLL|Win32.ActiveCfg = Debug|Win32
		{745DEC58-EBB3-47A9-A9B8-4C6627C01BF8}.Debug DLL|Win32.Build.0 = Debug|Win32
		{745DEC58-EBB3-47A9-A9B8-4C6627C01BF8}.Debug|Win32.ActiveCfg = Debug|Win32
		{745DEC58-EBB3-47A9-A9B8-4C6627C01BF8}.Debug|Win32.Build.0 = Debug|Win32
		{745DEC58-EBB3-47A9-A9B8-4C6627C01BF8}.Release DLL|Win32.ActiveCfg = ReleaseWithoutAsm|Win32
		{745DEC58-EBB3-47A9-A9B8-4C6627C01BF8}.Release DLL|Win32.Build.0 = ReleaseWithoutAsm|Win32
		{745DEC58-EBB3-47A9-A9B8-4C6627C01BF8}.Release|Win32.ActiveCfg = Release|Win32
		{745DEC58-EBB3-47A9-A9B8-4C6627C01BF8}.Release|Win32.Build.0 = Release|Win32
		{745DEC58-EBB3-47A9-A9B8-4C6627C01BF8}.ReleaseWithoutAsm|Win32.ActiveCfg = ReleaseWithoutAsm|Win32
		{745DEC58-EBB3-47A9-A9B8-4C6627C01BF8}.ReleaseWithoutAsm|Win32.Build.0 = ReleaseWithoutAsm|Win32
		{8FD826F8-3739-44E6-8CC8-997122E53B8D}.Debug DLL|Win32.ActiveCfg = Debug|Win32
		{8FD826F8-3739-44E6-8CC8-997122E53B8D}.Debug DLL|Win32.Build.0 = Debug|Win32
		{8FD826F8-3739-44E6-8CC8-997122E53B8D}.Debug|Win32.ActiveCfg = Debug|Win32
		{8FD826F8-3739-44E6-8CC8-997122E53B8D}.Debug|Win32.Build.0 = Debug|Win32
		{8FD826F8-3739-44E6-8CC8-997122E53B8D}.Release DLL|Win32.ActiveCfg = Release|Win32
		{8FD826F8-3739-44E6-8CC8-997122E53B8D}.Release DLL|Win32.Build.0 = Release|Win32
		{8FD826F8-3739-44E6-8CC8-997122E53B8D}.Release|Win32.ActiveCfg = Release|Win32
		{8FD826F8-3739-44E6-8CC8-997122E53B8D}.Release|Win32.Build.0 = Release|Win32
		{8FD826F8-3739-44E6-8CC8-997122E53B8D}.ReleaseWithoutAsm|Win32.ActiveCfg = ReleaseWithoutAsm|Win32
		{8FD826F8-3739-44E6-8CC8-997122E53B8D}.ReleaseWithoutAsm|Win32.Build.0 = ReleaseWithoutAsm|Win32
		{BE23FBA1-E38F-4461-9EF6-0C0398E2C142}.Debug DLL|Win32.ActiveCfg = Debug|Win32
		{BE23FBA1-E38F-4461-9EF6-0C0398E2C142}.Debug DLL|Win32.Build.0 = Debug|Win32
		{BE23FBA1-E38F-4461-9EF6-0C0398E2C142}.Debug|Win32.ActiveCfg = Debug|Win32
		{BE23FBA1-E38F-4461-9EF6-0C0398E2C142}.Debug|Win32.Build.0 = Debug|Win32
		{BE23FBA1-E38F-4461-9EF6-0C0398E2C142}.Release DLL|Win32.ActiveCfg = Release|Win32
		{BE23FBA1-E38F-4461-9EF6-0C0398E2C142}.Release DLL|Win32.Build.0 = Release|Win32
		{BE23FBA1-E38F-4461-9EF6-0C0398E2C142}.Release|Win32.ActiveCfg = Release|Win32
		{BE23FBA1-E38F-4461-9EF6-0C0398E2C142}.Release|Win32.Build.0 = Release|Win32
		{BE23FBA1-E38F-4461-9EF6-0C0398E2C142}.ReleaseWithoutAsm|Win32.ActiveCfg = Release|Win32
		{BE23FBA1-E38F-4461-9EF6-0C0398E2C142}.ReleaseWithoutAsm|Win32.Build.0 = Release|Win32
		{C0C3C32E-DE77-4A07-A4E9-5C4A08906CDD}.Debug DLL|Win32.ActiveCfg = Debug|Win32
		{C0C3C32E-DE77-4A07-A4E9-5C4A08906CDD}.Debug DLL|Win32.Build.0 = Debug|Win32
		{C0C3C32E-DE77-4A07-A4E9-5C4A08906CDD}.Debug|Win32.ActiveCfg = Debug|Win32
		{C0C3C32E-DE77-4A07-A4E9-5C4A08906CDD}.Debug|Win32.Build.0 = Debug|Win32
		{C0C3C32E-DE77-4A07-A4E9-5C4A08906CDD}.Release DLL|Win32.ActiveCfg = Release|Win32
		{C0C3C32E-DE77-4A07-A4E9-5C4A08906CDD}.Release DLL|Win32.Build.0 = Release|Win32
		{C0C3C32E-DE77-4A07-A4E9-5C4A08906CDD}.Release|Win32.ActiveCfg = Release|Win32
		{C0C3C32E-DE77-4A07-A4E9-5C4A08906CDD}.Release|Win32.Build.0 = Release|Win32
		{C0C3C32E-DE77-4A07-A4E9-5C4A08906CDD}.ReleaseWithoutAsm|Win32.ActiveCfg = Release|Win32
		{C0C3C32E-DE77-4A07-A4E9-5C4A08906CDD}.ReleaseWithoutAsm|Win32.Build.0 = Release|Win32
		{275A3E0D-3F51-473D-8CCD-747F38454450}.Debug DLL|Win32.ActiveCfg = Debug|Win32
		{275A3E0D-3F51-473D-8CCD-747F38454450}.Debug DLL|Win32.Build.0 = Debug|Win32
		{275A3E0D-3F51-473D-8CCD-747F38454450}.Debug|Win32.ActiveCfg = Debug|Win32
		{275A3E0D-3F51-473D-8CCD-747F38454450}.Debug|Win32.Build.0 = Debug|Win32
		{275A3E0D-3F51-473D-8CCD-747F38454450}.Release DLL|Win32.ActiveCfg = Release|Win32
		{275A3E0D-3F51-473D-8CCD-747F38454450}.Release DLL|Win32.Build.0 = Release|Win32
		{275A3E0D-3F51-473D-8CCD-747F38454450}.Release|Win32.ActiveCfg = Release|Win32
		{275A3E0D-3F51-473D-8CCD-747F38454450}.Release|Win32.Build.0 = Release|Win32
		{275A3E0D-3F51-473D-8CCD-747F38454450}.ReleaseWithoutAsm|Win32.ActiveCfg = Release|Win32
		{275A3E0D-3F51-473D-8CCD-747F38454450}.ReleaseWithoutAsm|Win32.Build.0 = Release|Win32
		{5A500A26-AAF3-48B8-B404-68B9A2FF1C82}.Debug DLL|Win32.ActiveCfg = Debug|Win32
		{5A500A26-AAF3-48B8-B404-68B9A2FF1C82}.Debug DLL|Win32.Build.0 = Debug|Win32
		{5A500A26-AAF3-48B8-B404-68B9A2FF1C82}.Debug|Win32.ActiveCfg = Debug|Win32
		{5A500A26-AAF3-48B8-B404-68B9A2FF1C82}.Debug|Win32.Build.0 = Debug|Win32
		{5A500A26-AAF3-48B8-B404-68B9A2FF1C82}.Release DLL|Win32.ActiveCfg = Release|Win32
		{5A500A26-AAF3-48B8-B404-68B9A2FF1C82}.Release DLL|Win32.Build.0 = Release|Win32
		{5A500A26-AAF3-48B8-B404-68B9A2FF1C82}.Release|Win32.ActiveCfg = Release|Win32
		{5A500A26-AAF3-48B8-B404-68B9A2FF1C82}.Release|Win32.Build.0 = Release|Win32
		{5A500A26-AAF3-48B8-B404-68B9A2FF1C82}.ReleaseWithoutAsm|Win32.ActiveCfg = Release|Win32
		{5A500A26-AAF3-48B8-B404-68B9A2FF1C82}.ReleaseWithoutAsm|Win32.Build.0 = Release|Win32
		{FFE46B54-EFF7-4CFB-B755-8A37334B58B9}.Debug DLL|Win32.ActiveCfg = Debug|Win32
		{FFE46B54-EFF7-4CFB-B755-8A37334B58B9}.Debug DLL|Win32.Build.0 = Debug|Win32
		{FFE46B54-EFF7-4CFB-B755-8A37334B58B9}.Debug|Win32.ActiveCfg = Debug|Win32
		{FFE46B54-EFF7-4CFB-B755-8A37334B58B9}.Debug|Win32.Build.0 = Debug|Win32
		{FFE46B54-EFF7-4CFB-B755-8A37334B58B9}.Release DLL|Win32.ActiveCfg = Release|Win32
		{FFE46B54-EFF7-4CFB-B755-8A37334B58B9}.Release DLL|Win32.Build.0 = Release|Win32
		{FFE46B54-EFF7-4CFB-B755-8A37334B58B9}.Release|Win32.ActiveCfg = Release|Win32
		{FFE46B54-EFF7-4CFB-B755-8A37334B58B9}.Release|Win32.Build.0 = Release|Win32
		{FFE46B54-EFF7-4CFB-B755-8A37334B58B9}.ReleaseWithoutAsm|Win32.ActiveCfg = Release|Win32
		{FFE46B54-EFF7-4CFB-B755-8A37334B58B9}.ReleaseWithoutAsm|Win32.Build.0 = Release|Win32
		{1D54893F-7A73-456F-B2C4-F8321828B903}.Debug DLL|Win32.ActiveCfg = Debug|Win32
		{1D54893F-7A73-456F-B2C4-F8321828B903}.Debug DLL|Win32.Build.0 = Debug|Win32
		{1D54893F-7A73-456F-B2C4-F8321828B903}.Debug|Win32.ActiveCfg = Debug|Win32
		{1D54893F-7A73-456F-B2C4-F8321828B903}.Debug|Win32.Build.0 = Debug|Win32
		{1D54893F-7A73-456F-B2C4-F8321828B903}.Release DLL|Win32.ActiveCfg = Release|Win32
		{1D54893F-7A73-456F-B2C4-F8321828B903}.Release DLL|Win32.Build.0 = Release|Win32
		{1D54893F-7A73-456F-B2C4-F8321828B903}.Release|Win32.ActiveCfg = Release|Win32
		{1D54893F-7A73-456F-B2C4-F8321828B903}.Release|Win32.Build.0 = Release|Win32
		{1D54893F-7A73-456F-B2C4-F8321828B903}.ReleaseWithoutAsm|Win32.ActiveCfg = Release|Win32
		{1D54893F-7A73-456F-B2C4-F8321828B903}.ReleaseWithoutAsm|Win32.Build.0 = Release|Win32
		{3BDDF897-4DFE-4A54-87E3-FB0D5D4EE88C}.Debug DLL|Win32.ActiveCfg = Debug|Win32
		{3BDDF897-4DFE-4A54-87E3-FB0D5D4EE88C}.Debug DLL|Win32.Build.0 = Debug|Win32
		{3BDDF897-4DFE-4A54-87E3-FB0D5D4EE88C}.Debug|Win32.ActiveCfg = Debug|Win32
		{3BDDF897-4DFE-4A54-87E3-FB0D5D4EE88C}.Debug|Win32.Build.0 = Debug|Win32
		{3BDDF897-4DFE-4A54-87E3-FB0D5D4EE88C}.Release DLL|Win32.ActiveCfg = Release|Win32
		{3BDDF897-4DFE-4A54-87E3-FB0D5D4EE88C}.Release DLL|Win32.Build.0 = Release|Win32
		{3BDDF897-4DFE-4A54-87E3-FB0D5D4EE88C}.Release|Win32.ActiveCfg = Release|Win32
		{3BDDF897-4DFE-4A54-87E3-FB0D5D4EE88C}.Release|Win32.Build.0 = Release|Win32
		{3BDDF897-4DFE-4A54-87E3-FB0D5D4EE88C}.ReleaseWithoutAsm|Win32.ActiveCfg = Release|Win32
		{3BDDF897-4DFE-4A54-87E3-FB0D5D4EE88C}.ReleaseWithoutAsm|Win32.Build.0 = Release|Win32
		{0008960E-E0DD-41A6-8265-00B31DDB4C21}.Debug DLL|Win32.ActiveCfg = Debug|Win32
		{0008960E-E0DD-41A6-8265-00B31DDB4C21}.Debug DLL|Win32.Build.0 = Debug|Win32
		{0008960E-E0DD-41A6-8265-00B31DDB4C21}.Debug|Win32.ActiveCfg = Debug|Win32
		{0008960E-E0DD-41A6-8265-00B31DDB4C21}.Debug|Win32.Build.0 = Debug|Win32
		{0008960E-E0DD-41A6-8265-00B31DDB4C21}.Release DLL|Win32.ActiveCfg = Release|Win32
		{0008960E-E0DD-41A6-8265-00B31DDB4C21}.Release DLL|Win32.Build.0 = Release|Win32
		{0008960E-E0DD-41A6-8265-00B31DDB4C21}.Release|Win32.ActiveCfg = Release|Win32
		{0008960E-E0DD-41A6-8265-00B31DDB4C21}.Release|Win32.Build.0 = Release|Win32
		{0008960E-E0DD-41A6-8265-00B31DDB4C21}.ReleaseWithoutAsm|Win32.ActiveCfg = Release|Win32
		{0008960E-E0DD-41A6-8265-00B31DDB4C21}.ReleaseWithoutAsm|Win32.Build.0 = Release|Win32
		{285D3072-BFB0-4F3A-9DB4-98126F028CA9}.Debug DLL|Win32.ActiveCfg = Debug DLL|Win32
		{285D3072-BFB0-4F3A-9DB4-98126F028CA9}.Debug DLL|Win32.Build.0 = Debug DLL|Win32
		{285D3072-BFB0-4F3A-9DB4-98126F028CA9}.Debug|Win32.ActiveCfg = Debug|Win32
		{285D3072-BFB0-4F3A-9DB4-98126F028CA9}.Debug|Win32.Build.0 = Debug|Win32
		{285D3072-BFB0-4F3A-9DB4-98126F028CA9}.Release DLL|Win32.ActiveCfg = Release DLL|Win32
		{285D3072-BFB0-4F3A-9DB4-98126F028CA9}.Release DLL|Win32.Build.0 = Release DLL|Win32
		{285D3072-BFB0-4F3A-9DB4-98126F028CA9}.Release|Win32.ActiveCfg = Release|Win32
		{285D3072-BFB0-4F3A-9DB4-98126F028CA9}.Release|Win32.Build.0 = Release|Win32
		{285D3072-BFB0-4F3A-9DB4-98126F028CA9}.ReleaseWithoutAsm|Win32.ActiveCfg = Release|Win32
		{285D3072-BFB0-4F3A-9DB4-98126F028CA9}.ReleaseWithoutAsm|Win32.Build.0 = Release|Win32
	EndGlobalSection
	GlobalSection(SolutionProperties) = preSolution
		HideSolutionNode = FALSE
	EndGlobalSection
EndGlobal
