
Microsoft Visual Studio Solution File, Format Version 10.00
# Visual Studio 2008
Project("{8BC9CEB8-8B4A-11D0-8D11-00A0C91BC942}") = "sdl_engine", "..\sdl_engine\msvc\sdl_engine.vcproj", "{285D3072-BFB0-4F3A-9DB4-98126F028CA9}"
	ProjectSection(ProjectDependencies) = postProject
		{0008960E-E0DD-41A6-8265-00B31DDB4C21} = {0008960E-E0DD-41A6-8265-00B31DDB4C21}
		{B5D2C7B1-5549-468E-A5BA-6DE38BEA2833} = {B5D2C7B1-5549-468E-A5BA-6DE38BEA2833}
		{E61592E1-28F4-4AFC-9EE1-9BE833A061C1} = {E61592E1-28F4-4AFC-9EE1-9BE833A061C1}
	EndProjectSection
EndProject
Project("{8BC9CEB8-8B4A-11D0-8D11-00A0C91BC942}") = "libpng", "libpng\projects\msvc\libpng.vcproj", "{0008960E-E0DD-41A6-8265-00B31DDB4C21}"
	ProjectSection(ProjectDependencies) = postProject
		{8FD826F8-3739-44E6-8CC8-997122E53B8D} = {8FD826F8-3739-44E6-8CC8-997122E53B8D}
	EndProjectSection
EndProject
Project("{8BC9CEB8-8B4A-11D0-8D11-00A0C91BC942}") = "zlib", "zlib123\contrib\vstudio\vc8\zlib.vcproj", "{8FD826F8-3739-44E6-8CC8-997122E53B8D}"
EndProject
Project("{8BC9CEB8-8B4A-11D0-8D11-00A0C91BC942}") = "sdlengine_test1", "..\sdle_tests\sdlengine_test1\sdlengine_test1.vcproj", "{532D9CA8-3739-466C-B3B1-691156DF99BA}"
	ProjectSection(ProjectDependencies) = postProject
		{285D3072-BFB0-4F3A-9DB4-98126F028CA9} = {285D3072-BFB0-4F3A-9DB4-98126F028CA9}
	EndProjectSection
EndProject
Project("{8BC9CEB8-8B4A-11D0-8D11-00A0C91BC942}") = "jpeg", "jpeg-7\jpeg.vcproj", "{E61592E1-28F4-4AFC-9EE1-9BE833A061C1}"
EndProject
Project("{8BC9CEB8-8B4A-11D0-8D11-00A0C91BC942}") = "roint", "..\roint\msvc2008\roint.vcproj", "{D9193DAC-5699-422E-98B0-51FC86E55D39}"
	ProjectSection(ProjectDependencies) = postProject
		{8FD826F8-3739-44E6-8CC8-997122E53B8D} = {8FD826F8-3739-44E6-8CC8-997122E53B8D}
	EndProjectSection
EndProject
Project("{8BC9CEB8-8B4A-11D0-8D11-00A0C91BC942}") = "ronet", "..\ronet\msvc2009\ronet.vcproj", "{275A3E0D-3F51-473D-8CCD-747F38454450}"
	ProjectSection(ProjectDependencies) = postProject
		{D9193DAC-5699-422E-98B0-51FC86E55D39} = {D9193DAC-5699-422E-98B0-51FC86E55D39}
		{B5D2C7B1-5549-468E-A5BA-6DE38BEA2833} = {B5D2C7B1-5549-468E-A5BA-6DE38BEA2833}
	EndProjectSection
EndProject
Project("{8BC9CEB8-8B4A-11D0-8D11-00A0C91BC942}") = "rogl", "..\rogl\msvc2008\rogl.vcproj", "{BE23FBA1-E38F-4461-9EF6-0C0398E2C142}"
	ProjectSection(ProjectDependencies) = postProject
		{285D3072-BFB0-4F3A-9DB4-98126F028CA9} = {285D3072-BFB0-4F3A-9DB4-98126F028CA9}
		{D9193DAC-5699-422E-98B0-51FC86E55D39} = {D9193DAC-5699-422E-98B0-51FC86E55D39}
	EndProjectSection
EndProject
Project("{8BC9CEB8-8B4A-11D0-8D11-00A0C91BC942}") = "roengine", "..\roengine\msvc9\roengine.vcproj", "{5A500A26-AAF3-48B8-B404-68B9A2FF1C82}"
	ProjectSection(ProjectDependencies) = postProject
		{275A3E0D-3F51-473D-8CCD-747F38454450} = {275A3E0D-3F51-473D-8CCD-747F38454450}
		{285D3072-BFB0-4F3A-9DB4-98126F028CA9} = {285D3072-BFB0-4F3A-9DB4-98126F028CA9}
		{BE23FBA1-E38F-4461-9EF6-0C0398E2C142} = {BE23FBA1-E38F-4461-9EF6-0C0398E2C142}
		{D9193DAC-5699-422E-98B0-51FC86E55D39} = {D9193DAC-5699-422E-98B0-51FC86E55D39}
	EndProjectSection
EndProject
Project("{8BC9CEB8-8B4A-11D0-8D11-00A0C91BC942}") = "openro", "..\openro\msvc\openro.vcproj", "{FFE46B54-EFF7-4CFB-B755-8A37334B58B9}"
	ProjectSection(ProjectDependencies) = postProject
		{5A500A26-AAF3-48B8-B404-68B9A2FF1C82} = {5A500A26-AAF3-48B8-B404-68B9A2FF1C82}
		{B5D2C7B1-5549-468E-A5BA-6DE38BEA2833} = {B5D2C7B1-5549-468E-A5BA-6DE38BEA2833}
	EndProjectSection
EndProject
Project("{8BC9CEB8-8B4A-11D0-8D11-00A0C91BC942}") = "logsys", "..\logsys\msvc\logsys.vcproj", "{B5D2C7B1-5549-468E-A5BA-6DE38BEA2833}"
EndProject
Global
	GlobalSection(SolutionConfigurationPlatforms) = preSolution
		Debug|Win32 = Debug|Win32
		DebugDLL|Win32 = DebugDLL|Win32
		Release|Win32 = Release|Win32
		ReleaseDLL|Win32 = ReleaseDLL|Win32
	EndGlobalSection
	GlobalSection(ProjectConfigurationPlatforms) = postSolution
		{285D3072-BFB0-4F3A-9DB4-98126F028CA9}.Debug|Win32.ActiveCfg = Debug|Win32
		{285D3072-BFB0-4F3A-9DB4-98126F028CA9}.Debug|Win32.Build.0 = Debug|Win32
		{285D3072-BFB0-4F3A-9DB4-98126F028CA9}.DebugDLL|Win32.ActiveCfg = DebugDLL|Win32
		{285D3072-BFB0-4F3A-9DB4-98126F028CA9}.DebugDLL|Win32.Build.0 = DebugDLL|Win32
		{285D3072-BFB0-4F3A-9DB4-98126F028CA9}.Release|Win32.ActiveCfg = Release|Win32
		{285D3072-BFB0-4F3A-9DB4-98126F028CA9}.Release|Win32.Build.0 = Release|Win32
		{285D3072-BFB0-4F3A-9DB4-98126F028CA9}.ReleaseDLL|Win32.ActiveCfg = ReleaseDLL|Win32
		{285D3072-BFB0-4F3A-9DB4-98126F028CA9}.ReleaseDLL|Win32.Build.0 = ReleaseDLL|Win32
		{0008960E-E0DD-41A6-8265-00B31DDB4C21}.Debug|Win32.ActiveCfg = Debug|Win32
		{0008960E-E0DD-41A6-8265-00B31DDB4C21}.Debug|Win32.Build.0 = Debug|Win32
		{0008960E-E0DD-41A6-8265-00B31DDB4C21}.DebugDLL|Win32.ActiveCfg = DebugDLL|Win32
		{0008960E-E0DD-41A6-8265-00B31DDB4C21}.DebugDLL|Win32.Build.0 = DebugDLL|Win32
		{0008960E-E0DD-41A6-8265-00B31DDB4C21}.Release|Win32.ActiveCfg = Release|Win32
		{0008960E-E0DD-41A6-8265-00B31DDB4C21}.Release|Win32.Build.0 = Release|Win32
		{0008960E-E0DD-41A6-8265-00B31DDB4C21}.ReleaseDLL|Win32.ActiveCfg = ReleaseDLL|Win32
		{0008960E-E0DD-41A6-8265-00B31DDB4C21}.ReleaseDLL|Win32.Build.0 = ReleaseDLL|Win32
		{8FD826F8-3739-44E6-8CC8-997122E53B8D}.Debug|Win32.ActiveCfg = Debug|Win32
		{8FD826F8-3739-44E6-8CC8-997122E53B8D}.Debug|Win32.Build.0 = Debug|Win32
		{8FD826F8-3739-44E6-8CC8-997122E53B8D}.DebugDLL|Win32.ActiveCfg = DebugDLL|Win32
		{8FD826F8-3739-44E6-8CC8-997122E53B8D}.DebugDLL|Win32.Build.0 = DebugDLL|Win32
		{8FD826F8-3739-44E6-8CC8-997122E53B8D}.Release|Win32.ActiveCfg = Release|Win32
		{8FD826F8-3739-44E6-8CC8-997122E53B8D}.Release|Win32.Build.0 = Release|Win32
		{8FD826F8-3739-44E6-8CC8-997122E53B8D}.ReleaseDLL|Win32.ActiveCfg = ReleaseDLL|Win32
		{8FD826F8-3739-44E6-8CC8-997122E53B8D}.ReleaseDLL|Win32.Build.0 = ReleaseDLL|Win32
		{532D9CA8-3739-466C-B3B1-691156DF99BA}.Debug|Win32.ActiveCfg = Debug|Win32
		{532D9CA8-3739-466C-B3B1-691156DF99BA}.Debug|Win32.Build.0 = Debug|Win32
		{532D9CA8-3739-466C-B3B1-691156DF99BA}.DebugDLL|Win32.ActiveCfg = DebugDLL|Win32
		{532D9CA8-3739-466C-B3B1-691156DF99BA}.DebugDLL|Win32.Build.0 = DebugDLL|Win32
		{532D9CA8-3739-466C-B3B1-691156DF99BA}.Release|Win32.ActiveCfg = Release|Win32
		{532D9CA8-3739-466C-B3B1-691156DF99BA}.Release|Win32.Build.0 = Release|Win32
		{532D9CA8-3739-466C-B3B1-691156DF99BA}.ReleaseDLL|Win32.ActiveCfg = ReleaseDLL|Win32
		{532D9CA8-3739-466C-B3B1-691156DF99BA}.ReleaseDLL|Win32.Build.0 = ReleaseDLL|Win32
		{E61592E1-28F4-4AFC-9EE1-9BE833A061C1}.Debug|Win32.ActiveCfg = Debug|Win32
		{E61592E1-28F4-4AFC-9EE1-9BE833A061C1}.Debug|Win32.Build.0 = Debug|Win32
		{E61592E1-28F4-4AFC-9EE1-9BE833A061C1}.DebugDLL|Win32.ActiveCfg = DebugDLL|Win32
		{E61592E1-28F4-4AFC-9EE1-9BE833A061C1}.DebugDLL|Win32.Build.0 = DebugDLL|Win32
		{E61592E1-28F4-4AFC-9EE1-9BE833A061C1}.Release|Win32.ActiveCfg = Release|Win32
		{E61592E1-28F4-4AFC-9EE1-9BE833A061C1}.Release|Win32.Build.0 = Release|Win32
		{E61592E1-28F4-4AFC-9EE1-9BE833A061C1}.ReleaseDLL|Win32.ActiveCfg = ReleaseDLL|Win32
		{E61592E1-28F4-4AFC-9EE1-9BE833A061C1}.ReleaseDLL|Win32.Build.0 = ReleaseDLL|Win32
		{D9193DAC-5699-422E-98B0-51FC86E55D39}.Debug|Win32.ActiveCfg = Debug|Win32
		{D9193DAC-5699-422E-98B0-51FC86E55D39}.Debug|Win32.Build.0 = Debug|Win32
		{D9193DAC-5699-422E-98B0-51FC86E55D39}.DebugDLL|Win32.ActiveCfg = DebugDLL|Win32
		{D9193DAC-5699-422E-98B0-51FC86E55D39}.DebugDLL|Win32.Build.0 = DebugDLL|Win32
		{D9193DAC-5699-422E-98B0-51FC86E55D39}.Release|Win32.ActiveCfg = Release|Win32
		{D9193DAC-5699-422E-98B0-51FC86E55D39}.Release|Win32.Build.0 = Release|Win32
		{D9193DAC-5699-422E-98B0-51FC86E55D39}.ReleaseDLL|Win32.ActiveCfg = ReleaseDLL|Win32
		{D9193DAC-5699-422E-98B0-51FC86E55D39}.ReleaseDLL|Win32.Build.0 = ReleaseDLL|Win32
		{275A3E0D-3F51-473D-8CCD-747F38454450}.Debug|Win32.ActiveCfg = Debug|Win32
		{275A3E0D-3F51-473D-8CCD-747F38454450}.Debug|Win32.Build.0 = Debug|Win32
		{275A3E0D-3F51-473D-8CCD-747F38454450}.DebugDLL|Win32.ActiveCfg = DebugDLL|Win32
		{275A3E0D-3F51-473D-8CCD-747F38454450}.DebugDLL|Win32.Build.0 = DebugDLL|Win32
		{275A3E0D-3F51-473D-8CCD-747F38454450}.Release|Win32.ActiveCfg = Release|Win32
		{275A3E0D-3F51-473D-8CCD-747F38454450}.Release|Win32.Build.0 = Release|Win32
		{275A3E0D-3F51-473D-8CCD-747F38454450}.ReleaseDLL|Win32.ActiveCfg = ReleaseDLL|Win32
		{275A3E0D-3F51-473D-8CCD-747F38454450}.ReleaseDLL|Win32.Build.0 = ReleaseDLL|Win32
		{BE23FBA1-E38F-4461-9EF6-0C0398E2C142}.Debug|Win32.ActiveCfg = Debug|Win32
		{BE23FBA1-E38F-4461-9EF6-0C0398E2C142}.Debug|Win32.Build.0 = Debug|Win32
		{BE23FBA1-E38F-4461-9EF6-0C0398E2C142}.DebugDLL|Win32.ActiveCfg = DebugDLL|Win32
		{BE23FBA1-E38F-4461-9EF6-0C0398E2C142}.DebugDLL|Win32.Build.0 = DebugDLL|Win32
		{BE23FBA1-E38F-4461-9EF6-0C0398E2C142}.Release|Win32.ActiveCfg = Release|Win32
		{BE23FBA1-E38F-4461-9EF6-0C0398E2C142}.Release|Win32.Build.0 = Release|Win32
		{BE23FBA1-E38F-4461-9EF6-0C0398E2C142}.ReleaseDLL|Win32.ActiveCfg = ReleaseDLL|Win32
		{BE23FBA1-E38F-4461-9EF6-0C0398E2C142}.ReleaseDLL|Win32.Build.0 = ReleaseDLL|Win32
		{5A500A26-AAF3-48B8-B404-68B9A2FF1C82}.Debug|Win32.ActiveCfg = Debug|Win32
		{5A500A26-AAF3-48B8-B404-68B9A2FF1C82}.Debug|Win32.Build.0 = Debug|Win32
		{5A500A26-AAF3-48B8-B404-68B9A2FF1C82}.DebugDLL|Win32.ActiveCfg = DebugDLL|Win32
		{5A500A26-AAF3-48B8-B404-68B9A2FF1C82}.DebugDLL|Win32.Build.0 = DebugDLL|Win32
		{5A500A26-AAF3-48B8-B404-68B9A2FF1C82}.Release|Win32.ActiveCfg = Release|Win32
		{5A500A26-AAF3-48B8-B404-68B9A2FF1C82}.Release|Win32.Build.0 = Release|Win32
		{5A500A26-AAF3-48B8-B404-68B9A2FF1C82}.ReleaseDLL|Win32.ActiveCfg = ReleaseDLL|Win32
		{5A500A26-AAF3-48B8-B404-68B9A2FF1C82}.ReleaseDLL|Win32.Build.0 = ReleaseDLL|Win32
		{FFE46B54-EFF7-4CFB-B755-8A37334B58B9}.Debug|Win32.ActiveCfg = Debug|Win32
		{FFE46B54-EFF7-4CFB-B755-8A37334B58B9}.Debug|Win32.Build.0 = Debug|Win32
		{FFE46B54-EFF7-4CFB-B755-8A37334B58B9}.DebugDLL|Win32.ActiveCfg = Debug|Win32
		{FFE46B54-EFF7-4CFB-B755-8A37334B58B9}.DebugDLL|Win32.Build.0 = Debug|Win32
		{FFE46B54-EFF7-4CFB-B755-8A37334B58B9}.Release|Win32.ActiveCfg = Release|Win32
		{FFE46B54-EFF7-4CFB-B755-8A37334B58B9}.Release|Win32.Build.0 = Release|Win32
		{FFE46B54-EFF7-4CFB-B755-8A37334B58B9}.ReleaseDLL|Win32.ActiveCfg = Release|Win32
		{FFE46B54-EFF7-4CFB-B755-8A37334B58B9}.ReleaseDLL|Win32.Build.0 = Release|Win32
		{B5D2C7B1-5549-468E-A5BA-6DE38BEA2833}.Debug|Win32.ActiveCfg = Debug|Win32
		{B5D2C7B1-5549-468E-A5BA-6DE38BEA2833}.Debug|Win32.Build.0 = Debug|Win32
		{B5D2C7B1-5549-468E-A5BA-6DE38BEA2833}.DebugDLL|Win32.ActiveCfg = Debug|Win32
		{B5D2C7B1-5549-468E-A5BA-6DE38BEA2833}.DebugDLL|Win32.Build.0 = Debug|Win32
		{B5D2C7B1-5549-468E-A5BA-6DE38BEA2833}.Release|Win32.ActiveCfg = Release|Win32
		{B5D2C7B1-5549-468E-A5BA-6DE38BEA2833}.Release|Win32.Build.0 = Release|Win32
		{B5D2C7B1-5549-468E-A5BA-6DE38BEA2833}.ReleaseDLL|Win32.ActiveCfg = Release|Win32
		{B5D2C7B1-5549-468E-A5BA-6DE38BEA2833}.ReleaseDLL|Win32.Build.0 = Release|Win32
	EndGlobalSection
	GlobalSection(SolutionProperties) = preSolution
		HideSolutionNode = FALSE
	EndGlobalSection
EndGlobal
